
Microsoft Visual Studio Solution File, Format Version 12.00
# Visual Studio Version 17
VisualStudioVersion = 17.1.32210.238
MinimumVisualStudioVersion = 10.0.40219.1
Project("{FAE04EC0-301F-11D3-BF4B-00C04F79EFBC}") = "API", "API\API.csproj", "{AAE21A50-0F31-4CB8-99A8-53AC1A3B2C6C}"
EndProject
Project("{FAE04EC0-301F-11D3-BF4B-00C04F79EFBC}") = "BL", "BL\BL.csproj", "{29461D40-9543-445F-8C68-34784069CC31}"
EndProject
Project("{FAE04EC0-301F-11D3-BF4B-00C04F79EFBC}") = "DAL", "DAL\DAL.csproj", "{15C36308-0638-44C7-9D4C-694E7BEB9F6F}"
EndProject
Project("{FAE04EC0-301F-11D3-BF4B-00C04F79EFBC}") = "DTO", "DTO\DTO.csproj", "{DCA96B0B-DEF5-4708-BC0C-4EBCB9D0FFA4}"
EndProject
Global
	GlobalSection(SolutionConfigurationPlatforms) = preSolution
		Debug|Any CPU = Debug|Any CPU
		Release|Any CPU = Release|Any CPU
	EndGlobalSection
	GlobalSection(ProjectConfigurationPlatforms) = postSolution
		{AAE21A50-0F31-4CB8-99A8-53AC1A3B2C6C}.Debug|Any CPU.ActiveCfg = Debug|Any CPU
		{AAE21A50-0F31-4CB8-99A8-53AC1A3B2C6C}.Debug|Any CPU.Build.0 = Debug|Any CPU
		{AAE21A50-0F31-4CB8-99A8-53AC1A3B2C6C}.Release|Any CPU.ActiveCfg = Release|Any CPU
		{AAE21A50-0F31-4CB8-99A8-53AC1A3B2C6C}.Release|Any CPU.Build.0 = Release|Any CPU
		{29461D40-9543-445F-8C68-34784069CC31}.Debug|Any CPU.ActiveCfg = Debug|Any CPU
		{29461D40-9543-445F-8C68-34784069CC31}.Debug|Any CPU.Build.0 = Debug|Any CPU
		{29461D40-9543-445F-8C68-34784069CC31}.Release|Any CPU.ActiveCfg = Release|Any CPU
		{29461D40-9543-445F-8C68-34784069CC31}.Release|Any CPU.Build.0 = Release|Any CPU
		{15C36308-0638-44C7-9D4C-694E7BEB9F6F}.Debug|Any CPU.ActiveCfg = Debug|Any CPU
		{15C36308-0638-44C7-9D4C-694E7BEB9F6F}.Debug|Any CPU.Build.0 = Debug|Any CPU
		{15C36308-0638-44C7-9D4C-694E7BEB9F6F}.Release|Any CPU.ActiveCfg = Release|Any CPU
		{15C36308-0638-44C7-9D4C-694E7BEB9F6F}.Release|Any CPU.Build.0 = Release|Any CPU
		{DCA96B0B-DEF5-4708-BC0C-4EBCB9D0FFA4}.Debug|Any CPU.ActiveCfg = Debug|Any CPU
		{DCA96B0B-DEF5-4708-BC0C-4EBCB9D0FFA4}.Debug|Any CPU.Build.0 = Debug|Any CPU
		{DCA96B0B-DEF5-4708-BC0C-4EBCB9D0FFA4}.Release|Any CPU.ActiveCfg = Release|Any CPU
		{DCA96B0B-DEF5-4708-BC0C-4EBCB9D0FFA4}.Release|Any CPU.Build.0 = Release|Any CPU
	EndGlobalSection
	GlobalSection(SolutionProperties) = preSolution
		HideSolutionNode = FALSE
	EndGlobalSection
	GlobalSection(ExtensibilityGlobals) = postSolution
		SolutionGuid = {A82E37B9-55DE-4B4C-BA4C-95F6ED616B49}
	EndGlobalSection
EndGlobal
